bou.ke/monkey v1.0.1/go.mod h1:FgHuK96Rv2Nlf+0u1OOVDpCMdsWyOFmeeketDHE7LIg=
github.com/BurntSushi/freetype-go v0.0.0-20160129220410-b763ddbfe298/go.mod h1:D+QujdIlUNfa0igpNMk6UIvlb6C252URs4yupRUV4lQ=
github.com/BurntSushi/graphics-go v0.0.0-20160129215708-b43f31a4a966/go.mod h1:Mid70uvE93zn9wgF92A/r5ixgnvX8Lh68fxp9KQBaI0=
github.com/StackExchange/wmi v0.0.0-20190523213315-cbe66965904d h1:G0m3OIz70MZUWq3EgK3CesDbo8upS2Vm9/P3FtgI+Jk=
github.com/StackExchange/wmi v0.0.0-20190523213315-cbe66965904d/go.mod h1:3eOhrUMpNV+6aFIbp5/iudMxNCF27Vw2OZgy4xEx0Fg=
github.com/davecgh/go-spew v1.1.0/go.mod h1:J7Y8YcW2NihsgmVo/mv3lAwl/skON4iLHjSsI+c5H38=
github.com/davecgh/go-spew v1.1.1/go.mod h1:J7Y8YcW2NihsgmVo/mv3lAwl/skON4iLHjSsI+c5H38=
github.com/go-ole/go-ole v1.2.4 h1:nNBDSCOigTSiarFpYE9J/KtEA1IOW4CNeqT9TQDqCxI=
github.com/go-ole/go-ole v1.2.4/go.mod h1:XCwSNxSkXRo4vlyPy93sltvi/qJq0jqQhjqQNIwKuxM=
github.com/go-vgo/robotgo v0.0.0-20200418182153-af1d0d2d00a1 h1:699tkoa1vvTsc3NzwF5SjsqvOFb9OsLk3YpwhPYjoTA=
github.com/go-vgo/robotgo v0.0.0-20200418182153-af1d0d2d00a1/go.mod h1:qV/tA6gw/NN1IA0LZ65M4l3nOH+4SS5XVdttyd4/ycc=
github.com/go-vgo/robotgo v0.0.0-20200430153638-e6a1406694ef h1:hKqhZbppr0zbUH/Axi7mfG1VvB2u3X9HfFHPapDm++M=
github.com/go-vgo/robotgo v0.0.0-20200430153638-e6a1406694ef/go.mod h1:qV/tA6gw/NN1IA0LZ65M4l3nOH+4SS5XVdttyd4/ycc=
github.com/gopherjs/gopherjs v0.0.0-20190411002643-bd77b112433e h1:XWcjeEtTFTOVA9Fs1w7n2XBftk5ib4oZrhzWk0B+3eA=
github.com/gopherjs/gopherjs v0.0.0-20190411002643-bd77b112433e/go.mod h1:wJfORRmW1u3UXTncJ5qlYoELFm8eSnnEO6hX4iZ3EWY=
github.com/konsorten/go-windows-terminal-sequences v1.0.1/go.mod h1:T0+1ngSBFLxvqU3pZ+m/2kptfBszLMUkC4ZK/EgS/cQ=
github.com/konsorten/go-windows-terminal-sequences v1.0.2 h1:DB17ag19krx9CFsz4o3enTrPXyIXCl+2iCXH/aMAp9s=
github.com/konsorten/go-windows-terminal-sequences v1.0.2/go.mod h1:T0+1ngSBFLxvqU3pZ+m/2kptfBszLMUkC4ZK/EgS/cQ=
github.com/lxn/win v0.0.0-20191128105842-2da648fda5b4 h1:5BmtGkQbch91lglMHQ9JIDGiYCL3kBRBA0ItZTvOcEI=
github.com/lxn/win v0.0.0-20191128105842-2da648fda5b4/go.mod h1:ouWl4wViUNh8tPSIwxTVMuS014WakR1hqvBc2I0bMoA=
github.com/otiai10/curr v0.0.0-20150429015615-9b4961190c95/go.mod h1:9qAhocn7zKJG+0mI8eUu6xqkFDYS2kb2saOteoSB3cE=
github.com/otiai10/curr v0.0.0-20190513014714-f5a3d24e5776/go.mod h1:3HNVkVOU7vZeFXocWuvtcS0XSFLcf2XUSDHkq9t1jU4=
github.com/otiai10/gosseract v2.2.1+incompatible h1:Ry5ltVdpdp4LAa2bMjsSJH34XHVOV7XMi41HtzL8X2I=
github.com/otiai10/gosseract v2.2.1+incompatible/go.mod h1:XrzWItCzCpFRZ35n3YtVTgq5bLAhFIkascoRo8G32QE=
github.com/otiai10/mint v1.2.4/go.mod h1:d+b7n/0R3tdyUYYylALXpWQ/kTN+QobSq/4SRGBkR3M=
github.com/pmezard/go-difflib v1.0.0/go.mod h1:iKH77koFhYxTK1pcRnkKkqfTogsbg7gZNVY4sRDYZ/4=
github.com/robotn/gohook v0.0.0-20200224154940-caaa106d8037 h1:D2n1BKKjTvtL12pP7Yy35keMRrP8tJ9FNihbowffy5I=
github.com/robotn/gohook v0.0.0-20200224154940-caaa106d8037/go.mod h1:VUHyXb+4yA0DJQs+jaC2jWs+J7s6StlztBgwDkcEZT4=
github.com/robotn/gohook v0.0.0-20200411172114-146f7aeeb5e8 h1:/AyyifnuUYFcktEfpv4yCUQf6vaLglTILQbiIZI5vcU=
github.com/robotn/gohook v0.0.0-20200411172114-146f7aeeb5e8/go.mod h1:VUHyXb+4yA0DJQs+jaC2jWs+J7s6StlztBgwDkcEZT4=
github.com/robotn/xgb v0.0.0-20190912153532-2cb92d044934 h1:2lhSR8N3T6I30q096DT7/5AKEIcf1vvnnWAmS0wfnNY=
github.com/robotn/xgb v0.0.0-20190912153532-2cb92d044934/go.mod h1:SxQhJskUJ4rleVU44YvnrdvxQr0tKy5SRSigBrCgyyQ=
github.com/robotn/xgbutil v0.0.0-20190912154524-c861d6f87770 h1:2uX8QRLkkxn2EpAQ6I3KhA79BkdRZfvugJUzJadiJwk=
github.com/robotn/xgbutil v0.0.0-20190912154524-c861d6f87770/go.mod h1:svkDXUDQjUiWzLrA0OZgHc4lbOts3C+uRfP6/yjwYnU=
github.com/shirou/gopsutil v2.19.11+incompatible h1:lJHR0foqAjI4exXqWsU3DbH7bX1xvdhGdnXTIARA9W4=
github.com/shirou/gopsutil v2.19.11+incompatible/go.mod h1:5b4v6he4MtMOwMlS0TUMTu2PcXUg8+E1lC7eC3UO/RA=
github.com/shirou/gopsutil v2.20.3+incompatible h1:0JVooMPsT7A7HqEYdydp/OfjSOYSjhXV7w1hkKj/NPQ=
github.com/shirou/gopsutil v2.20.3+incompatible/go.mod h1:5b4v6he4MtMOwMlS0TUMTu2PcXUg8+E1lC7eC3UO/RA=
github.com/shirou/w32 v0.0.0-20160930032740-bb4de0191aa4 h1:udFKJ0aHUL60LboW/A+DfgoHVedieIzIXE8uylPue0U=
github.com/shirou/w32 v0.0.0-20160930032740-bb4de0191aa4/go.mod h1:qsXQc7+bwAM3Q1u/4XEfrquwF8Lw7D7y5cD8CuHnfIc=
github.com/sirupsen/logrus v1.4.1 h1:GL2rEmy6nsikmW0r8opw9JIRScdMF5hA8cOYLH7In1k=
github.com/sirupsen/logrus v1.4.1/go.mod h1:ni0Sbl8bgC9z8RoU9G6nDWqqs/fq4eDPysMBDgk/93Q=
github.com/stretchr/objx v0.1.0/go.mod h1:HFkY916IF+rwdDfMAkV7OtwuqBVzrE8GR6GFx+wExME=
github.com/stretchr/objx v0.1.1/go.mod h1:HFkY916IF+rwdDfMAkV7OtwuqBVzrE8GR6GFx+wExME=
github.com/stretchr/objx v0.2.0/go.mod h1:qt09Ya8vawLte6SNmTgCsAVtYtaKzEcn8ATUoHMkEqE=
github.com/stretchr/testify v1.2.2/go.mod h1:a8OnRcib4nhh0OaRAV+Yts87kKdq0PP7pXfy6kDkUVs=
github.com/stretchr/testify v1.3.0/go.mod h1:M5WIy9Dh21IEIfnGCwXGc5bZfKNJtfHm1UVUgZn+9EI=
github.com/stretchr/testify v1.4.0/go.mod h1:j7eGeouHqKxXV5pUuKE4zz7dFj8WfuZ+81PSLYec5m4=
github.com/therecipe/qt v0.0.0-20200126204426-5074eb6d8c41 h1:yBVcrpbaQYJBdKT2pxTdlL4hBE/eM4UPcyj9YpyvSok=
github.com/therecipe/qt v0.0.0-20200126204426-5074eb6d8c41/go.mod h1:SUUR2j3aE1z6/g76SdD6NwACEpvCxb3fvG82eKbD6us=
github.com/therecipe/qt/internal/binding/files/docs v0.0.0-20191019224306-1097424d656c h1:/VhcwU7WuFEVgDHZ9V8PIYAyYqQ6KNxFUjBMOf2aFZM=
github.com/therecipe/qt/internal/binding/files/docs/5.12.0 v0.0.0-20200126204426-5074eb6d8c41 h1:My9HYsfDI/fJPZGyilw6066buBiZ7pgKRRgAyvKK5lA=
github.com/therecipe/qt/internal/binding/files/docs/5.12.0 v0.0.0-20200126204426-5074eb6d8c41/go.mod h1:7m8PDYDEtEVqfjoUQc2UrFqhG0CDmoVJjRlQxexndFc=
github.com/therecipe/qt/internal/binding/files/docs/5.13.0 v0.0.0-20200126204426-5074eb6d8c41 h1:jTzKrQ6EIPvKw1B9/wwoKJLrXF+ManMsXoUzufxAdsg=
github.com/therecipe/qt/internal/binding/files/docs/5.13.0 v0.0.0-20200126204426-5074eb6d8c41/go.mod h1:mH55Ek7AZcdns5KPp99O0bg+78el64YCYWHiQKrOdt4=
github.com/vcaesar/gops v0.0.0-20200120141635-c9dda03b64e2 h1:9CzTc16j5h8olRz5ywIxNSu7wMa0I16t1rVOJ5Wuj/4=
github.com/vcaesar/gops v0.0.0-20200120141635-c9dda03b64e2/go.mod h1:HDKiKqHeRYwEhBUTjgBHWT/PkwvLusticopFNbGO/eY=
github.com/vcaesar/gops v0.0.0-20200414162221-c22fcf31d11e h1:a7q79BG6KWkfXLRAchjjUR6uQ5cS6OCit/2MvZ7BADs=
github.com/vcaesar/gops v0.0.0-20200414162221-c22fcf31d11e/go.mod h1:HDKiKqHeRYwEhBUTjgBHWT/PkwvLusticopFNbGO/eY=
github.com/vcaesar/imgo v0.0.0-20191008162304-a83ea7753bc8 h1:9Y+hoKBYa+UtzGqkODfs8c0Q6gp2UfniVNsHQWghPi0=
github.com/vcaesar/imgo v0.0.0-20191008162304-a83ea7753bc8/go.mod h1:52+3yYrTNjWKh+CkQozNRCLWCE/X666yAWPGbYC3DZI=
github.com/vcaesar/imgo v0.0.0-20200405175324-e6a1d5a9a558 h1:9CyWoPDKTzEya2TBet8i2ihy6mXB4PZrI+e90tJbQOA=
github.com/vcaesar/imgo v0.0.0-20200405175324-e6a1d5a9a558/go.mod h1:52+3yYrTNjWKh+CkQozNRCLWCE/X666yAWPGbYC3DZI=
github.com/vcaesar/tt v0.0.0-20200219144246-a190abe69d64 h1:MwxT8hyvPcPafJ2LDmoFuH7Xpz5LZ6W3dKzwVQAHD/k=
github.com/vcaesar/tt v0.0.0-20200219144246-a190abe69d64/go.mod h1:GHPxQYhn+7OgKakRusH7KJ0M5MhywoeLb8Fcffs/Gtg=
github.com/vcaesar/tt v0.0.0-20200413173740-6220b2b5f8ff h1:etf/E3LV04o/l5+/qEQWM5TcWJNVKw61+onsAeNZBPM=
github.com/vcaesar/tt v0.0.0-20200413173740-6220b2b5f8ff/go.mod h1:GHPxQYhn+7OgKakRusH7KJ0M5MhywoeLb8Fcffs/Gtg=
golang.org/x/crypto v0.0.0-20190308221718-c2843e01d9a2/go.mod h1:djNgcEr1/C05ACkg1iLfiJU5Ep61QUkGW8qpdssI0+w=
golang.org/x/crypto v0.0.0-20190418165655-df01cb2cc480/go.mod h1:WFFai1msRO1wXaEeE5yQxYXgSfI8pQAWXbQop6sCtWE=
golang.org/x/image v0.0.0-20190910094157-69e4b8554b2a/go.mod h1:FeLwcggjj3mMvU+oOTbSwawSJRM1uh48EjtB4UJZlP0=
golang.org/x/image v0.0.0-20200119044424-58c23975cae1 h1:5h3ngYt7+vXCDZCup/HkCQgW5XwmSvR/nA2JmJ0RErg=
golang.org/x/image v0.0.0-20200119044424-58c23975cae1/go.mod h1:FeLwcggjj3mMvU+oOTbSwawSJRM1uh48EjtB4UJZlP0=
golang.org/x/image v0.0.0-20200430140353-33d19683fad8 h1:6WW6V3x1P/jokJBpRQYUJnMHRP6isStQwCozxnU7XQw=
golang.org/x/image v0.0.0-20200430140353-33d19683fad8/go.mod h1:FeLwcggjj3mMvU+oOTbSwawSJRM1uh48EjtB4UJZlP0=
golang.org/x/net v0.0.0-20190311183353-d8887717615a/go.mod h1:t9HGtf8HONx5eT2rtn7q6eTqICYqUVnKs3thJo3Qplg=
golang.org/x/net v0.0.0-20190420063019-afa5a82059c6/go.mod h1:t9HGtf8HONx5eT2rtn7q6eTqICYqUVnKs3thJo3Qplg=
golang.org/x/net v0.0.0-20190724013045-ca1201d0de80/go.mod h1:z5CRVTTTmAJ677TzLLGU+0bjPO0LkuOLi4/5GtJWs/s=
golang.org/x/sys v0.0.0-20180905080454-ebe1bf3edb33/go.mod h1:STP8DvDyc/dI5b8T5hshtkjS+E42TnysNCUPdjciGhY=
golang.org/x/sys v0.0.0-20190215142949-d0b11bdaac8a/go.mod h1:STP8DvDyc/dI5b8T5hshtkjS+E42TnysNCUPdjciGhY=
golang.org/x/sys v0.0.0-20190403152447-81d4e9dc473e/go.mod h1:h1NjWce9XRLGQEsW7wpKNCjG9DtNlClVuFLEZdDNbEs=
golang.org/x/sys v0.0.0-20190419153524-e8e3143a4f4a/go.mod h1:h1NjWce9XRLGQEsW7wpKNCjG9DtNlClVuFLEZdDNbEs=
golang.org/x/sys v0.0.0-20190904154756-749cb33beabd/go.mod h1:h1NjWce9XRLGQEsW7wpKNCjG9DtNlClVuFLEZdDNbEs=
golang.org/x/sys v0.0.0-20200113162924-86b910548bc1/go.mod h1:h1NjWce9XRLGQEsW7wpKNCjG9DtNlClVuFLEZdDNbEs=
golang.org/x/sys v0.0.0-20200120150407-c1edf535530b h1:6f4JQpdVfdw2YlKcsg214QFxILFeGuLByZO9sCuOj/I=
golang.org/x/sys v0.0.0-20200120150407-c1edf535530b/go.mod h1:h1NjWce9XRLGQEsW7wpKNCjG9DtNlClVuFLEZdDNbEs=
golang.org/x/sys v0.0.0-20200430082407-1f5687305801 h1:Jp2/1+ZY++XrlALjnberpN8QkAUPNLkIjQIMInPpQxc=
golang.org/x/sys v0.0.0-20200430082407-1f5687305801/go.mod h1:h1NjWce9XRLGQEsW7wpKNCjG9DtNlClVuFLEZdDNbEs=
golang.org/x/text v0.3.0/go.mod h1:NqM8EUOU14njkJ3fqMW+pc6Ldnwhi/IjpwHt7yyuwOQ=
golang.org/x/tools v0.0.0-20190420181800-aa740d480789 h1:FF0rjo15h51+N6642mf5S3QuplmKo2aCrJUYkHTx85s=
golang.org/x/tools v0.0.0-20190420181800-aa740d480789/go.mod h1:LCzVGOaR6xXOjkQ3onu1FJEFr0SW1gC7cKk1uF8kGRs=
gopkg.in/check.v1 v0.0.0-20161208181325-20d25e280405/go.mod h1:Co6ibVJAznAaIkqp8huTwlJQCZ016jof/cbN4VW5Yz0=
gopkg.in/yaml.v2 v2.2.2/go.mod h1:hI93XBmqTisBFMUTm0b8Fm+jr3Dg1NNxqwp+5A1VGuI=
